
Microsoft Visual Studio Solution File, Format Version 12.00
# Visual Studio Version 17
VisualStudioVersion = 17.4.33110.190
MinimumVisualStudioVersion = 10.0.40219.1
Project("{FAE04EC0-301F-11D3-BF4B-00C04F79EFBC}") = "ListPattern", "ListPattern\ListPattern.csproj", "{13F49715-3BFD-405B-87C4-162CEA9CDA19}"
EndProject
Project("{FAE04EC0-301F-11D3-BF4B-00C04F79EFBC}") = "RawStringLiteral", "RawStringLiteral\RawStringLiteral.csproj", "{AF19349C-CE39-493F-9433-87EFAC5DE792}"
EndProject
Project("{FAE04EC0-301F-11D3-BF4B-00C04F79EFBC}") = "PatternMatchSpanChr", "PatternMatchSpanChr\PatternMatchSpanChr.csproj", "{844C8545-4194-4D19-AE70-A84DA4FBC7BD}"
EndProject
Global
	GlobalSection(SolutionConfigurationPlatforms) = preSolution
		Debug|Any CPU = Debug|Any CPU
		Release|Any CPU = Release|Any CPU
	EndGlobalSection
	GlobalSection(ProjectConfigurationPlatforms) = postSolution
		{13F49715-3BFD-405B-87C4-162CEA9CDA19}.Debug|Any CPU.ActiveCfg = Debug|Any CPU
		{13F49715-3BFD-405B-87C4-162CEA9CDA19}.Debug|Any CPU.Build.0 = Debug|Any CPU
		{13F49715-3BFD-405B-87C4-162CEA9CDA19}.Release|Any CPU.ActiveCfg = Release|Any CPU
		{13F49715-3BFD-405B-87C4-162CEA9CDA19}.Release|Any CPU.Build.0 = Release|Any CPU
		{AF19349C-CE39-493F-9433-87EFAC5DE792}.Debug|Any CPU.ActiveCfg = Debug|Any CPU
		{AF19349C-CE39-493F-9433-87EFAC5DE792}.Debug|Any CPU.Build.0 = Debug|Any CPU
		{AF19349C-CE39-493F-9433-87EFAC5DE792}.Release|Any CPU.ActiveCfg = Release|Any CPU
		{AF19349C-CE39-493F-9433-87EFAC5DE792}.Release|Any CPU.Build.0 = Release|Any CPU
		{844C8545-4194-4D19-AE70-A84DA4FBC7BD}.Debug|Any CPU.ActiveCfg = Debug|Any CPU
		{844C8545-4194-4D19-AE70-A84DA4FBC7BD}.Debug|Any CPU.Build.0 = Debug|Any CPU
		{844C8545-4194-4D19-AE70-A84DA4FBC7BD}.Release|Any CPU.ActiveCfg = Release|Any CPU
		{844C8545-4194-4D19-AE70-A84DA4FBC7BD}.Release|Any CPU.Build.0 = Release|Any CPU
	EndGlobalSection
	GlobalSection(SolutionProperties) = preSolution
		HideSolutionNode = FALSE
	EndGlobalSection
	GlobalSection(ExtensibilityGlobals) = postSolution
		SolutionGuid = {ADFBA35F-E775-40C6-AF8E-98152799F202}
	EndGlobalSection
EndGlobal
