
Microsoft Visual Studio Solution File, Format Version 12.00
# Visual Studio Version 17
VisualStudioVersion = 17.6.33815.320
MinimumVisualStudioVersion = 10.0.40219.1
Project("{9A19103F-16F7-4668-BE54-9A1E7A4F7556}") = "AllowNameofAccessInstanceFromStatic", "AllowNameofAccessInstanceFromStatic\AllowNameofAccessInstanceFromStatic.csproj", "{1669181C-5477-47E2-89CD-320A014C2BA5}"
EndProject
Project("{9A19103F-16F7-4668-BE54-9A1E7A4F7556}") = "CollectionExpressions", "CollectionExpressions\CollectionExpressions.csproj", "{3D00ADC4-7DB1-4F26-82CD-27E79130543E}"
EndProject
Project("{9A19103F-16F7-4668-BE54-9A1E7A4F7556}") = "InlineArrays", "InlineArrays\InlineArrays.csproj", "{ACDB6277-4BB1-41DD-ABF5-14C16BB40F27}"
EndProject
Project("{9A19103F-16F7-4668-BE54-9A1E7A4F7556}") = "LambdaDefaultParameters", "LambdaDefaultParameters\LambdaDefaultParameters.csproj", "{A495C4AE-B519-46B3-B09D-7A4AD45161B4}"
EndProject
Project("{9A19103F-16F7-4668-BE54-9A1E7A4F7556}") = "PrimaryConstructors", "PrimaryConstructors\PrimaryConstructors.csproj", "{1092E23E-E4F7-486E-B13E-3AE8CE7163AE}"
EndProject
Project("{9A19103F-16F7-4668-BE54-9A1E7A4F7556}") = "RefReadonlyParameters", "RefReadonlyParameters\RefReadonlyParameters.csproj", "{D5F644AF-A75B-431D-9522-CD4AA46946DC}"
EndProject
Project("{9A19103F-16F7-4668-BE54-9A1E7A4F7556}") = "UsingAliasesForAnyTypes", "UsingAliasesForAnyTypes\UsingAliasesForAnyTypes.csproj", "{4AFB9B44-93A7-40E4-A60F-D1A7186CF878}"
EndProject
Global
	GlobalSection(SolutionConfigurationPlatforms) = preSolution
		Debug|Any CPU = Debug|Any CPU
		Release|Any CPU = Release|Any CPU
	EndGlobalSection
	GlobalSection(ProjectConfigurationPlatforms) = postSolution
		{1669181C-5477-47E2-89CD-320A014C2BA5}.Debug|Any CPU.ActiveCfg = Debug|Any CPU
		{1669181C-5477-47E2-89CD-320A014C2BA5}.Debug|Any CPU.Build.0 = Debug|Any CPU
		{1669181C-5477-47E2-89CD-320A014C2BA5}.Release|Any CPU.ActiveCfg = Release|Any CPU
		{1669181C-5477-47E2-89CD-320A014C2BA5}.Release|Any CPU.Build.0 = Release|Any CPU
		{3D00ADC4-7DB1-4F26-82CD-27E79130543E}.Debug|Any CPU.ActiveCfg = Debug|Any CPU
		{3D00ADC4-7DB1-4F26-82CD-27E79130543E}.Debug|Any CPU.Build.0 = Debug|Any CPU
		{3D00ADC4-7DB1-4F26-82CD-27E79130543E}.Release|Any CPU.ActiveCfg = Release|Any CPU
		{3D00ADC4-7DB1-4F26-82CD-27E79130543E}.Release|Any CPU.Build.0 = Release|Any CPU
		{ACDB6277-4BB1-41DD-ABF5-14C16BB40F27}.Debug|Any CPU.ActiveCfg = Debug|Any CPU
		{ACDB6277-4BB1-41DD-ABF5-14C16BB40F27}.Debug|Any CPU.Build.0 = Debug|Any CPU
		{ACDB6277-4BB1-41DD-ABF5-14C16BB40F27}.Release|Any CPU.ActiveCfg = Release|Any CPU
		{ACDB6277-4BB1-41DD-ABF5-14C16BB40F27}.Release|Any CPU.Build.0 = Release|Any CPU
		{A495C4AE-B519-46B3-B09D-7A4AD45161B4}.Debug|Any CPU.ActiveCfg = Debug|Any CPU
		{A495C4AE-B519-46B3-B09D-7A4AD45161B4}.Debug|Any CPU.Build.0 = Debug|Any CPU
		{A495C4AE-B519-46B3-B09D-7A4AD45161B4}.Release|Any CPU.ActiveCfg = Release|Any CPU
		{A495C4AE-B519-46B3-B09D-7A4AD45161B4}.Release|Any CPU.Build.0 = Release|Any CPU
		{1092E23E-E4F7-486E-B13E-3AE8CE7163AE}.Debug|Any CPU.ActiveCfg = Debug|Any CPU
		{1092E23E-E4F7-486E-B13E-3AE8CE7163AE}.Debug|Any CPU.Build.0 = Debug|Any CPU
		{1092E23E-E4F7-486E-B13E-3AE8CE7163AE}.Release|Any CPU.ActiveCfg = Release|Any CPU
		{1092E23E-E4F7-486E-B13E-3AE8CE7163AE}.Release|Any CPU.Build.0 = Release|Any CPU
		{D5F644AF-A75B-431D-9522-CD4AA46946DC}.Debug|Any CPU.ActiveCfg = Debug|Any CPU
		{D5F644AF-A75B-431D-9522-CD4AA46946DC}.Debug|Any CPU.Build.0 = Debug|Any CPU
		{D5F644AF-A75B-431D-9522-CD4AA46946DC}.Release|Any CPU.ActiveCfg = Release|Any CPU
		{D5F644AF-A75B-431D-9522-CD4AA46946DC}.Release|Any CPU.Build.0 = Release|Any CPU
		{4AFB9B44-93A7-40E4-A60F-D1A7186CF878}.Debug|Any CPU.ActiveCfg = Debug|Any CPU
		{4AFB9B44-93A7-40E4-A60F-D1A7186CF878}.Debug|Any CPU.Build.0 = Debug|Any CPU
		{4AFB9B44-93A7-40E4-A60F-D1A7186CF878}.Release|Any CPU.ActiveCfg = Release|Any CPU
		{4AFB9B44-93A7-40E4-A60F-D1A7186CF878}.Release|Any CPU.Build.0 = Release|Any CPU
	EndGlobalSection
	GlobalSection(SolutionProperties) = preSolution
		HideSolutionNode = FALSE
	EndGlobalSection
	GlobalSection(ExtensibilityGlobals) = postSolution
		SolutionGuid = {B46F26B0-3919-4AD3-9FC6-A4CCB140DF29}
	EndGlobalSection
EndGlobal
